
Microsoft Visual Studio Solution File, Format Version 12.00
# Visual Studio Version 16
VisualStudioVersion = 16.0.30503.244
MinimumVisualStudioVersion = 10.0.40219.1
Project("{FAE04EC0-301F-11D3-BF4B-00C04F79EFBC}") = "GsbCloture", "AccesDonnees\GsbCloture.csproj", "{C6ED3861-AF89-4F5E-8998-8E2539581E77}"
EndProject
Project("{FAE04EC0-301F-11D3-BF4B-00C04F79EFBC}") = "UnitTestCloture", "UnitTestCloture\UnitTestCloture.csproj", "{10187BC1-1E1D-4288-A2E7-78D9387A7FE0}"
EndProject
Project("{FAE04EC0-301F-11D3-BF4B-00C04F79EFBC}") = "WindowsServiceCloture", "WindowsServiceCloture\WindowsServiceCloture.csproj", "{8E1F156C-E966-4101-9C45-D9762B093B40}"
EndProject
Global
	GlobalSection(SolutionConfigurationPlatforms) = preSolution
		Debug|Any CPU = Debug|Any CPU
		Release|Any CPU = Release|Any CPU
	EndGlobalSection
	GlobalSection(ProjectConfigurationPlatforms) = postSolution
		{C6ED3861-AF89-4F5E-8998-8E2539581E77}.Debug|Any CPU.ActiveCfg = Debug|Any CPU
		{C6ED3861-AF89-4F5E-8998-8E2539581E77}.Debug|Any CPU.Build.0 = Debug|Any CPU
		{C6ED3861-AF89-4F5E-8998-8E2539581E77}.Release|Any CPU.ActiveCfg = Release|Any CPU
		{C6ED3861-AF89-4F5E-8998-8E2539581E77}.Release|Any CPU.Build.0 = Release|Any CPU
		{10187BC1-1E1D-4288-A2E7-78D9387A7FE0}.Debug|Any CPU.ActiveCfg = Debug|Any CPU
		{10187BC1-1E1D-4288-A2E7-78D9387A7FE0}.Debug|Any CPU.Build.0 = Debug|Any CPU
		{10187BC1-1E1D-4288-A2E7-78D9387A7FE0}.Release|Any CPU.ActiveCfg = Release|Any CPU
		{10187BC1-1E1D-4288-A2E7-78D9387A7FE0}.Release|Any CPU.Build.0 = Release|Any CPU
		{8E1F156C-E966-4101-9C45-D9762B093B40}.Debug|Any CPU.ActiveCfg = Debug|Any CPU
		{8E1F156C-E966-4101-9C45-D9762B093B40}.Debug|Any CPU.Build.0 = Debug|Any CPU
		{8E1F156C-E966-4101-9C45-D9762B093B40}.Release|Any CPU.ActiveCfg = Release|Any CPU
		{8E1F156C-E966-4101-9C45-D9762B093B40}.Release|Any CPU.Build.0 = Release|Any CPU
	EndGlobalSection
	GlobalSection(SolutionProperties) = preSolution
		HideSolutionNode = FALSE
	EndGlobalSection
	GlobalSection(ExtensibilityGlobals) = postSolution
		SolutionGuid = {53E9BBD1-A7EA-478C-A907-4CF7BEBBFD55}
	EndGlobalSection
EndGlobal
